
Microsoft Visual Studio Solution File, Format Version 12.00
# Visual Studio Version 16
VisualStudioVersion = 16.0.31613.86
MinimumVisualStudioVersion = 10.0.40219.1
Project("{9A19103F-16F7-4668-BE54-9A1E7A4F7556}") = "DemoTest.Api", "DemoTest.Api\DemoTest.Api.csproj", "{ABC76DAD-6F58-4E60-9962-BD9F6EFCBA52}"
EndProject
Project("{FAE04EC0-301F-11D3-BF4B-00C04F79EFBC}") = "DemoTest.Tests", "DemoTest.Tests\DemoTest.Tests.csproj", "{5D17379E-FD4E-4B2E-BDAD-7FDDA48B6DAD}"
EndProject
Global
	GlobalSection(SolutionConfigurationPlatforms) = preSolution
		Debug|Any CPU = Debug|Any CPU
		Release|Any CPU = Release|Any CPU
	EndGlobalSection
	GlobalSection(ProjectConfigurationPlatforms) = postSolution
		{ABC76DAD-6F58-4E60-9962-BD9F6EFCBA52}.Debug|Any CPU.ActiveCfg = Debug|Any CPU
		{ABC76DAD-6F58-4E60-9962-BD9F6EFCBA52}.Debug|Any CPU.Build.0 = Debug|Any CPU
		{ABC76DAD-6F58-4E60-9962-BD9F6EFCBA52}.Release|Any CPU.ActiveCfg = Release|Any CPU
		{ABC76DAD-6F58-4E60-9962-BD9F6EFCBA52}.Release|Any CPU.Build.0 = Release|Any CPU
		{5D17379E-FD4E-4B2E-BDAD-7FDDA48B6DAD}.Debug|Any CPU.ActiveCfg = Debug|Any CPU
		{5D17379E-FD4E-4B2E-BDAD-7FDDA48B6DAD}.Debug|Any CPU.Build.0 = Debug|Any CPU
		{5D17379E-FD4E-4B2E-BDAD-7FDDA48B6DAD}.Release|Any CPU.ActiveCfg = Release|Any CPU
		{5D17379E-FD4E-4B2E-BDAD-7FDDA48B6DAD}.Release|Any CPU.Build.0 = Release|Any CPU
	EndGlobalSection
	GlobalSection(SolutionProperties) = preSolution
		HideSolutionNode = FALSE
	EndGlobalSection
	GlobalSection(ExtensibilityGlobals) = postSolution
		SolutionGuid = {3CCB1208-06BB-4574-8771-D052C8263DAB}
	EndGlobalSection
EndGlobal
